# THIS IS AN AUTOGENERATED FILE. DO NOT EDIT THIS FILE DIRECTLY.
# yarn lockfile v1


atob-lite@^2.0.0:
  version "2.0.0"
  resolved "https://registry.yarnpkg.com/atob-lite/-/atob-lite-2.0.0.tgz#0fef5ad46f1bd7a8502c65727f0367d5ee43d696"
  integrity sha1-D+9a1G8b16hQLGVyfwNn1e5D1pY=

base45@^3.0.0:
  version "3.0.0"
  resolved "https://registry.yarnpkg.com/base45/-/base45-3.0.0.tgz#6e6217797884e02c206529c088e7bff0bab1456b"
  integrity sha512-SWayzDiUFaga+G3X/oL2XIDbjhdpmBGUqLU6T7zB89aNWYnEcfa36DIWW95rxn0sWAWbwrKcSyqcWw6AApYwsg==

bmp-js@^0.1.0:
  version "0.1.0"
  resolved "https://registry.yarnpkg.com/bmp-js/-/bmp-js-0.1.0.tgz#e05a63f796a6c1ff25f4771ec7adadc148c07233"
  integrity sha1-4Fpj95amwf8l9Hcex62twUjAcjM=

buffer-to-uint8array@^1.1.0:
  version "1.1.0"
  resolved "https://registry.yarnpkg.com/buffer-to-uint8array/-/buffer-to-uint8array-1.1.0.tgz#cf6f41287c022f458da752c391c1a8d535ec5f72"
  integrity sha1-z29BKHwCL0WNp1LDkcGo1TXsX3I=

cbor@^8.0.0:
  version "8.1.0"
  resolved "https://registry.yarnpkg.com/cbor/-/cbor-8.1.0.tgz#cfc56437e770b73417a2ecbfc9caf6b771af60d5"
  integrity sha512-DwGjNW9omn6EwP70aXsn7FQJx5kO12tX0bZkaTjzdVFM6/7nhA4t0EENocKGx6D2Bch9PE2KzCUf5SceBdeijg==
  dependencies:
    nofilter "^3.1.0"

dtype@^2.0.0:
  version "2.0.0"
  resolved "https://registry.yarnpkg.com/dtype/-/dtype-2.0.0.tgz#cd052323ce061444ecd2e8f5748f69a29be28434"
  integrity sha1-zQUjI84GFETs0uj1dI9popvihDQ=

file-type@^10.9.0:
  version "10.11.0"
  resolved "https://registry.yarnpkg.com/file-type/-/file-type-10.11.0.tgz#2961d09e4675b9fb9a3ee6b69e9cd23f43fd1890"
  integrity sha512-uzk64HRpUZyTGZtVuvrjP0FYxzQrBf4rojot6J65YMEbwBLB0CWm0CLojVpwpmFmxcE/lkvYICgfcGozbBq6rw==

flatten-vertex-data@^1.0.2:
  version "1.0.2"
  resolved "https://registry.yarnpkg.com/flatten-vertex-data/-/flatten-vertex-data-1.0.2.tgz#889fd60bea506006ca33955ee1105175fb620219"
  integrity sha512-BvCBFK2NZqerFTdMDgqfHBwxYWnxeCkwONsw6PvBMcUXqo8U/KDWwmXhqx1x2kLIg7DqIsJfOaJFOmlua3Lxuw==
  dependencies:
    dtype "^2.0.0"

image-decode@^1.2.2:
  version "1.2.2"
  resolved "https://registry.yarnpkg.com/image-decode/-/image-decode-1.2.2.tgz#4ca74fc534e7133c5096ed712d8c5bceb5ba1fc6"
  integrity sha512-WJSWrPNmEnWVYGkY22bA6206MKYjfGl01fdlwIp6ovdnPL2qGJyC3wQj8QqYbdblchzwgglFg8Jcb/1f6fhaTQ==
  dependencies:
    bmp-js "^0.1.0"
    buffer-to-uint8array "^1.1.0"
    image-type "^3.0.0"
    jpeg-js "^0.3.4"
    omggif "^1.0.9"
    pngjs "^3.3.3"
    to-array-buffer "^3.0.0"
    utif "^2.0.1"

image-type@^3.0.0:
  version "3.1.0"
  resolved "https://registry.yarnpkg.com/image-type/-/image-type-3.1.0.tgz#9148944c40c16d657174af2bd1af39d767c2c29f"
  integrity sha512-edYRXKQ3WD2yHXFGUbwoJVn5v7j1A6Z505uZUYIfzCwOOhPGLYSc3VOucF9fqbsaUbgb37DdjOU+WV4uo7ZooQ==
  dependencies:
    file-type "^10.9.0"

is-base64@^0.1.0:
  version "0.1.0"
  resolved "https://registry.yarnpkg.com/is-base64/-/is-base64-0.1.0.tgz#a6f20610c6ef4863a51cba32bc0222544b932622"
  integrity sha512-WRRyllsGXJM7ZN7gPTCCQ/6wNPTRDwiWdPK66l5sJzcU/oOzcIcRRf0Rux8bkpox/1yjt0F6VJRsQOIG2qz5sg==

is-blob@^2.0.1:
  version "2.1.0"
  resolved "https://registry.yarnpkg.com/is-blob/-/is-blob-2.1.0.tgz#e36cd82c90653f1e1b930f11baf9c64216a05385"
  integrity sha512-SZ/fTft5eUhQM6oF/ZaASFDEdbFVe89Imltn9uZr03wdKMcWNVYSMjQPFtg05QuNkt5l5c135ElvXEQG0rk4tw==

jpeg-js@^0.3.4:
  version "0.3.7"
  resolved "https://registry.yarnpkg.com/jpeg-js/-/jpeg-js-0.3.7.tgz#471a89d06011640592d314158608690172b1028d"
  integrity sha512-9IXdWudL61npZjvLuVe/ktHiA41iE8qFyLB+4VDTblEsWBzeg8WQTlktdUK4CdncUqtUgUg0bbOmTE2bKBKaBQ==

jpeg-js@^0.4.3:
  version "0.4.3"
  resolved "https://registry.yarnpkg.com/jpeg-js/-/jpeg-js-0.4.3.tgz#6158e09f1983ad773813704be80680550eff977b"
  integrity sha512-ru1HWKek8octvUHFHvE5ZzQ1yAsJmIvRdGWvSoKV52XKyuyYA437QWDttXT8eZXDSbuMpHlLzPDZUPd6idIz+Q==

jsqr@^1.4.0:
  version "1.4.0"
  resolved "https://registry.yarnpkg.com/jsqr/-/jsqr-1.4.0.tgz#8efb8d0a7cc6863cb6d95116b9069123ce9eb2d1"
  integrity sha512-dxLob7q65Xg2DvstYkRpkYtmKm2sPJ9oFhrhmudT1dZvNFFTlroai3AWSpLey/w5vMcLBXRgOJsbXpdN9HzU/A==

nofilter@^3.1.0:
  version "3.1.0"
  resolved "https://registry.yarnpkg.com/nofilter/-/nofilter-3.1.0.tgz#c757ba68801d41ff930ba2ec55bab52ca184aa66"
  integrity sha512-l2NNj07e9afPnhAhvgVrCD/oy2Ai1yfLpuo3EpiO1jFTsB4sFz6oIfAfSZyQzVpkZQ9xS8ZS5g1jCBgq4Hwo0g==

omggif@^1.0.9:
  version "1.0.10"
  resolved "https://registry.yarnpkg.com/omggif/-/omggif-1.0.10.tgz#ddaaf90d4a42f532e9e7cb3a95ecdd47f17c7b19"
  integrity sha512-LMJTtvgc/nugXj0Vcrrs68Mn2D1r0zf630VNtqtpI1FEO7e+O9FP4gqs9AcnBaSEeoHIPm28u6qgPR0oyEpGSw==

pako@^1.0.5:
  version "1.0.11"
  resolved "https://registry.yarnpkg.com/pako/-/pako-1.0.11.tgz#6c9599d340d54dfd3946380252a35705a6b992bf"
  integrity sha512-4hLB8Py4zZce5s4yd9XzopqwVv/yGNhV1Bl8NTmCq1763HeK2+EwVTv+leGeL13Dnh2wfbqowVPXCIO0z4taYw==

pako@^2.0.4:
  version "2.0.4"
  resolved "https://registry.yarnpkg.com/pako/-/pako-2.0.4.tgz#6cebc4bbb0b6c73b0d5b8d7e8476e2b2fbea576d"
  integrity sha512-v8tweI900AUkZN6heMU/4Uy4cXRc2AYNRggVmTR+dEncawDJgCdLMximOVA2p4qO57WMynangsfGRb5WD6L1Bg==

pngjs@^3.3.3:
  version "3.4.0"
  resolved "https://registry.yarnpkg.com/pngjs/-/pngjs-3.4.0.tgz#99ca7d725965fb655814eaf65f38f12bbdbf555f"
  integrity sha512-NCrCHhWmnQklfH4MtJMRjZ2a8c80qXeMlQMv2uVp9ISJMTt562SbGd6n2oq0PaPgKm7Z6pL9E2UlLIhC+SHL3w==

string-to-arraybuffer@^1.0.0:
  version "1.0.2"
  resolved "https://registry.yarnpkg.com/string-to-arraybuffer/-/string-to-arraybuffer-1.0.2.tgz#161147fbadea02e28b0935002cec4c40f1ca7f0a"
  integrity sha512-DaGZidzi93dwjQen5I2osxR9ERS/R7B1PFyufNMnzhj+fmlDQAc1DSDIJVJhgI8Oq221efIMbABUBdPHDRt43Q==
  dependencies:
    atob-lite "^2.0.0"
    is-base64 "^0.1.0"

to-array-buffer@^3.0.0:
  version "3.2.0"
  resolved "https://registry.yarnpkg.com/to-array-buffer/-/to-array-buffer-3.2.0.tgz#cb684dd691a7368c3b249c2348d75227f7d4dbb4"
  integrity sha512-zN33mwi0gpL+7xW1ITLfJ48CEj6ZQW0ZAP0MU+2W3kEY0PAIncyuxmD4OqkUVhPAbTP7amq9j/iwvZKYS+lzSQ==
  dependencies:
    flatten-vertex-data "^1.0.2"
    is-blob "^2.0.1"
    string-to-arraybuffer "^1.0.0"

utif@^2.0.1:
  version "2.0.1"
  resolved "https://registry.yarnpkg.com/utif/-/utif-2.0.1.tgz#9e1582d9bbd20011a6588548ed3266298e711759"
  integrity sha512-Z/S1fNKCicQTf375lIP9G8Sa1H/phcysstNrrSdZKj1f9g58J4NMgb5IgiEZN9/nLMPDwF0W7hdOe9Qq2IYoLg==
  dependencies:
    pako "^1.0.5"
